
Microsoft Visual Studio Solution File, Format Version 12.00
# Visual Studio Version 16
VisualStudioVersion = 16.0.29020.237
MinimumVisualStudioVersion = 10.0.40219.1
Project("{FAE04EC0-301F-11D3-BF4B-00C04F79EFBC}") = "Моделирование алгоритма относительного приоритета", "project\Моделирование алгоритма относительного приоритета.csproj", "{0B6F9523-ACC4-4912-AABA-7A84B553B596}"
EndProject
Global
	GlobalSection(SolutionConfigurationPlatforms) = preSolution
		Debug|Any CPU = Debug|Any CPU
		Release|Any CPU = Release|Any CPU
	EndGlobalSection
	GlobalSection(ProjectConfigurationPlatforms) = postSolution
		{0B6F9523-ACC4-4912-AABA-7A84B553B596}.Debug|Any CPU.ActiveCfg = Debug|Any CPU
		{0B6F9523-ACC4-4912-AABA-7A84B553B596}.Debug|Any CPU.Build.0 = Debug|Any CPU
		{0B6F9523-ACC4-4912-AABA-7A84B553B596}.Release|Any CPU.ActiveCfg = Release|Any CPU
		{0B6F9523-ACC4-4912-AABA-7A84B553B596}.Release|Any CPU.Build.0 = Release|Any CPU
	EndGlobalSection
	GlobalSection(SolutionProperties) = preSolution
		HideSolutionNode = FALSE
	EndGlobalSection
	GlobalSection(ExtensibilityGlobals) = postSolution
		SolutionGuid = {18CAF736-7F1D-4A3E-B924-121E0E33A0ED}
	EndGlobalSection
EndGlobal
